
Microsoft Visual Studio Solution File, Format Version 12.00
# Visual Studio Version 17
VisualStudioVersion = 17.14.36327.8 d17.14
MinimumVisualStudioVersion = 10.0.40219.1
Project("{FAE04EC0-301F-11D3-BF4B-00C04F79EFBC}") = "P_335", "P_335.csproj", "{AC2E4267-60AC-4F06-B653-CD489E704E01}"
EndProject
Global
	GlobalSection(SolutionConfigurationPlatforms) = preSolution
		Debug|Any CPU = Debug|Any CPU
		Release|Any CPU = Release|Any CPU
	EndGlobalSection
	GlobalSection(ProjectConfigurationPlatforms) = postSolution
		{AC2E4267-60AC-4F06-B653-CD489E704E01}.Debug|Any CPU.ActiveCfg = Debug|Any CPU
		{AC2E4267-60AC-4F06-B653-CD489E704E01}.Debug|Any CPU.Build.0 = Debug|Any CPU
		{AC2E4267-60AC-4F06-B653-CD489E704E01}.Debug|Any CPU.Deploy.0 = Debug|Any CPU
		{AC2E4267-60AC-4F06-B653-CD489E704E01}.Release|Any CPU.ActiveCfg = Release|Any CPU
		{AC2E4267-60AC-4F06-B653-CD489E704E01}.Release|Any CPU.Build.0 = Release|Any CPU
		{AC2E4267-60AC-4F06-B653-CD489E704E01}.Release|Any CPU.Deploy.0 = Release|Any CPU
	EndGlobalSection
	GlobalSection(SolutionProperties) = preSolution
		HideSolutionNode = FALSE
	EndGlobalSection
	GlobalSection(ExtensibilityGlobals) = postSolution
		SolutionGuid = {F8F263E8-2697-41F3-A4EA-78855666269C}
	EndGlobalSection
EndGlobal
