
Microsoft Visual Studio Solution File, Format Version 12.00
# Visual Studio Version 17
VisualStudioVersion = 17.14.36327.8 d17.14
MinimumVisualStudioVersion = 10.0.40219.1
Project("{FAE04EC0-301F-11D3-BF4B-00C04F79EFBC}") = "P_335_ReadMe", "P_335_ReadMe.csproj", "{4EFEE459-DBD8-4077-A410-1B7100BB8F63}"
EndProject
Global
	GlobalSection(SolutionConfigurationPlatforms) = preSolution
		Debug|Any CPU = Debug|Any CPU
		Release|Any CPU = Release|Any CPU
	EndGlobalSection
	GlobalSection(ProjectConfigurationPlatforms) = postSolution
		{4EFEE459-DBD8-4077-A410-1B7100BB8F63}.Debug|Any CPU.ActiveCfg = Debug|Any CPU
		{4EFEE459-DBD8-4077-A410-1B7100BB8F63}.Debug|Any CPU.Build.0 = Debug|Any CPU
		{4EFEE459-DBD8-4077-A410-1B7100BB8F63}.Debug|Any CPU.Deploy.0 = Debug|Any CPU
		{4EFEE459-DBD8-4077-A410-1B7100BB8F63}.Release|Any CPU.ActiveCfg = Release|Any CPU
		{4EFEE459-DBD8-4077-A410-1B7100BB8F63}.Release|Any CPU.Build.0 = Release|Any CPU
		{4EFEE459-DBD8-4077-A410-1B7100BB8F63}.Release|Any CPU.Deploy.0 = Release|Any CPU
	EndGlobalSection
	GlobalSection(SolutionProperties) = preSolution
		HideSolutionNode = FALSE
	EndGlobalSection
	GlobalSection(ExtensibilityGlobals) = postSolution
		SolutionGuid = {1CF9F6E7-DF08-4AAA-965A-8C411CA79CF7}
	EndGlobalSection
EndGlobal
